
Microsoft Visual Studio Solution File, Format Version 12.00
# Visual Studio 14
VisualStudioVersion = 14.0.25420.1
MinimumVisualStudioVersion = 10.0.40219.1
Project("{FAE04EC0-301F-11D3-BF4B-00C04F79EFBC}") = "SortNumbers", "SortNumbers\SortNumbers.csproj", "{050B2653-E374-48FA-9621-3AE7BB45F008}"
EndProject
Project("{FAE04EC0-301F-11D3-BF4B-00C04F79EFBC}") = "AboutStrings", "AboutStrings\AboutStrings.csproj", "{32741EEF-CA42-4C5D-9A3F-A41B39A2823E}"
EndProject
Project("{FAE04EC0-301F-11D3-BF4B-00C04F79EFBC}") = "Arrays", "Arrays\Arrays.csproj", "{2705B30A-FF2D-4BB7-B477-C1A8FFDDFAC2}"
EndProject
Project("{FAE04EC0-301F-11D3-BF4B-00C04F79EFBC}") = "AboutClasses", "AboutClasses\AboutClasses.csproj", "{036C035F-4BE5-47EF-8F41-C1BD4638F705}"
EndProject
Project("{FAE04EC0-301F-11D3-BF4B-00C04F79EFBC}") = "DesignOfClasses", "DesignOfClasses\DesignOfClasses.csproj", "{48658C76-CB7E-42CA-A11C-E3B5FE570818}"
EndProject
Global
	GlobalSection(SolutionConfigurationPlatforms) = preSolution
		Debug|Any CPU = Debug|Any CPU
		Release|Any CPU = Release|Any CPU
	EndGlobalSection
	GlobalSection(ProjectConfigurationPlatforms) = postSolution
		{050B2653-E374-48FA-9621-3AE7BB45F008}.Debug|Any CPU.ActiveCfg = Debug|Any CPU
		{050B2653-E374-48FA-9621-3AE7BB45F008}.Debug|Any CPU.Build.0 = Debug|Any CPU
		{050B2653-E374-48FA-9621-3AE7BB45F008}.Release|Any CPU.ActiveCfg = Release|Any CPU
		{050B2653-E374-48FA-9621-3AE7BB45F008}.Release|Any CPU.Build.0 = Release|Any CPU
		{32741EEF-CA42-4C5D-9A3F-A41B39A2823E}.Debug|Any CPU.ActiveCfg = Debug|Any CPU
		{32741EEF-CA42-4C5D-9A3F-A41B39A2823E}.Debug|Any CPU.Build.0 = Debug|Any CPU
		{32741EEF-CA42-4C5D-9A3F-A41B39A2823E}.Release|Any CPU.ActiveCfg = Release|Any CPU
		{32741EEF-CA42-4C5D-9A3F-A41B39A2823E}.Release|Any CPU.Build.0 = Release|Any CPU
		{2705B30A-FF2D-4BB7-B477-C1A8FFDDFAC2}.Debug|Any CPU.ActiveCfg = Debug|Any CPU
		{2705B30A-FF2D-4BB7-B477-C1A8FFDDFAC2}.Debug|Any CPU.Build.0 = Debug|Any CPU
		{2705B30A-FF2D-4BB7-B477-C1A8FFDDFAC2}.Release|Any CPU.ActiveCfg = Release|Any CPU
		{2705B30A-FF2D-4BB7-B477-C1A8FFDDFAC2}.Release|Any CPU.Build.0 = Release|Any CPU
		{036C035F-4BE5-47EF-8F41-C1BD4638F705}.Debug|Any CPU.ActiveCfg = Debug|Any CPU
		{036C035F-4BE5-47EF-8F41-C1BD4638F705}.Debug|Any CPU.Build.0 = Debug|Any CPU
		{036C035F-4BE5-47EF-8F41-C1BD4638F705}.Release|Any CPU.ActiveCfg = Release|Any CPU
		{036C035F-4BE5-47EF-8F41-C1BD4638F705}.Release|Any CPU.Build.0 = Release|Any CPU
		{48658C76-CB7E-42CA-A11C-E3B5FE570818}.Debug|Any CPU.ActiveCfg = Debug|Any CPU
		{48658C76-CB7E-42CA-A11C-E3B5FE570818}.Debug|Any CPU.Build.0 = Debug|Any CPU
		{48658C76-CB7E-42CA-A11C-E3B5FE570818}.Release|Any CPU.ActiveCfg = Release|Any CPU
		{48658C76-CB7E-42CA-A11C-E3B5FE570818}.Release|Any CPU.Build.0 = Release|Any CPU
	EndGlobalSection
	GlobalSection(SolutionProperties) = preSolution
		HideSolutionNode = FALSE
	EndGlobalSection
EndGlobal
