
Microsoft Visual Studio Solution File, Format Version 12.00
# Visual Studio 14
VisualStudioVersion = 14.0.25420.1
MinimumVisualStudioVersion = 10.0.40219.1
Project("{FAE04EC0-301F-11D3-BF4B-00C04F79EFBC}") = "SortNumbers", "SortNumbers\SortNumbers.csproj", "{050B2653-E374-48FA-9621-3AE7BB45F008}"
EndProject
Project("{FAE04EC0-301F-11D3-BF4B-00C04F79EFBC}") = "AboutStrings", "AboutStrings\AboutStrings.csproj", "{32741EEF-CA42-4C5D-9A3F-A41B39A2823E}"
EndProject
Project("{FAE04EC0-301F-11D3-BF4B-00C04F79EFBC}") = "Arrays", "Arrays\Arrays.csproj", "{2705B30A-FF2D-4BB7-B477-C1A8FFDDFAC2}"
EndProject
Project("{FAE04EC0-301F-11D3-BF4B-00C04F79EFBC}") = "AboutClasses", "AboutClasses\AboutClasses.csproj", "{036C035F-4BE5-47EF-8F41-C1BD4638F705}"
EndProject
Project("{FAE04EC0-301F-11D3-BF4B-00C04F79EFBC}") = "DesignOfClasses", "DesignOfClasses\DesignOfClasses.csproj", "{48658C76-CB7E-42CA-A11C-E3B5FE570818}"
EndProject
Project("{FAE04EC0-301F-11D3-BF4B-00C04F79EFBC}") = "AboutMethods", "AboutMethods\AboutMethods.csproj", "{CCF6EC6C-1998-4191-9418-7563508B6028}"
EndProject
Project("{FAE04EC0-301F-11D3-BF4B-00C04F79EFBC}") = "AboutInheritance", "AboutInheritance\AboutInheritance.csproj", "{0733BBB4-E0AA-4D78-824E-0C1915E67641}"
EndProject
Project("{FAE04EC0-301F-11D3-BF4B-00C04F79EFBC}") = "AbstractClasses", "AbstractClasses\AbstractClasses.csproj", "{C65F5866-04F9-4A9C-ADBC-7631F8EEE86E}"
EndProject
Project("{FAE04EC0-301F-11D3-BF4B-00C04F79EFBC}") = "AboutInterfaces", "AboutInterfaces\AboutInterfaces.csproj", "{8F316A8E-7C13-417B-96A0-0E03CDA0DFCB}"
EndProject
Project("{FAE04EC0-301F-11D3-BF4B-00C04F79EFBC}") = "AboutStaticMembers", "AboutStaticMembers\AboutStaticMembers.csproj", "{CBD5CC44-0295-4C04-8BB5-53EA4B5BC346}"
EndProject
Project("{FAE04EC0-301F-11D3-BF4B-00C04F79EFBC}") = "MultiDimArrays", "MultiDimArrays\MultiDimArrays.csproj", "{7BC2AFEF-9D13-4C32-B6A5-5327E614D9F1}"
EndProject
Project("{FAE04EC0-301F-11D3-BF4B-00C04F79EFBC}") = "AboutTypes", "AboutTypes\AboutTypes.csproj", "{2D5F56B7-593B-4F3D-B117-ED4A2556346F}"
EndProject
Global
	GlobalSection(SolutionConfigurationPlatforms) = preSolution
		Debug|Any CPU = Debug|Any CPU
		Release|Any CPU = Release|Any CPU
	EndGlobalSection
	GlobalSection(ProjectConfigurationPlatforms) = postSolution
		{050B2653-E374-48FA-9621-3AE7BB45F008}.Debug|Any CPU.ActiveCfg = Debug|Any CPU
		{050B2653-E374-48FA-9621-3AE7BB45F008}.Debug|Any CPU.Build.0 = Debug|Any CPU
		{050B2653-E374-48FA-9621-3AE7BB45F008}.Release|Any CPU.ActiveCfg = Release|Any CPU
		{050B2653-E374-48FA-9621-3AE7BB45F008}.Release|Any CPU.Build.0 = Release|Any CPU
		{32741EEF-CA42-4C5D-9A3F-A41B39A2823E}.Debug|Any CPU.ActiveCfg = Debug|Any CPU
		{32741EEF-CA42-4C5D-9A3F-A41B39A2823E}.Debug|Any CPU.Build.0 = Debug|Any CPU
		{32741EEF-CA42-4C5D-9A3F-A41B39A2823E}.Release|Any CPU.ActiveCfg = Release|Any CPU
		{32741EEF-CA42-4C5D-9A3F-A41B39A2823E}.Release|Any CPU.Build.0 = Release|Any CPU
		{2705B30A-FF2D-4BB7-B477-C1A8FFDDFAC2}.Debug|Any CPU.ActiveCfg = Debug|Any CPU
		{2705B30A-FF2D-4BB7-B477-C1A8FFDDFAC2}.Debug|Any CPU.Build.0 = Debug|Any CPU
		{2705B30A-FF2D-4BB7-B477-C1A8FFDDFAC2}.Release|Any CPU.ActiveCfg = Release|Any CPU
		{2705B30A-FF2D-4BB7-B477-C1A8FFDDFAC2}.Release|Any CPU.Build.0 = Release|Any CPU
		{036C035F-4BE5-47EF-8F41-C1BD4638F705}.Debug|Any CPU.ActiveCfg = Debug|Any CPU
		{036C035F-4BE5-47EF-8F41-C1BD4638F705}.Debug|Any CPU.Build.0 = Debug|Any CPU
		{036C035F-4BE5-47EF-8F41-C1BD4638F705}.Release|Any CPU.ActiveCfg = Release|Any CPU
		{036C035F-4BE5-47EF-8F41-C1BD4638F705}.Release|Any CPU.Build.0 = Release|Any CPU
		{48658C76-CB7E-42CA-A11C-E3B5FE570818}.Debug|Any CPU.ActiveCfg = Debug|Any CPU
		{48658C76-CB7E-42CA-A11C-E3B5FE570818}.Debug|Any CPU.Build.0 = Debug|Any CPU
		{48658C76-CB7E-42CA-A11C-E3B5FE570818}.Release|Any CPU.ActiveCfg = Release|Any CPU
		{48658C76-CB7E-42CA-A11C-E3B5FE570818}.Release|Any CPU.Build.0 = Release|Any CPU
		{CCF6EC6C-1998-4191-9418-7563508B6028}.Debug|Any CPU.ActiveCfg = Debug|Any CPU
		{CCF6EC6C-1998-4191-9418-7563508B6028}.Debug|Any CPU.Build.0 = Debug|Any CPU
		{CCF6EC6C-1998-4191-9418-7563508B6028}.Release|Any CPU.ActiveCfg = Release|Any CPU
		{CCF6EC6C-1998-4191-9418-7563508B6028}.Release|Any CPU.Build.0 = Release|Any CPU
		{0733BBB4-E0AA-4D78-824E-0C1915E67641}.Debug|Any CPU.ActiveCfg = Debug|Any CPU
		{0733BBB4-E0AA-4D78-824E-0C1915E67641}.Debug|Any CPU.Build.0 = Debug|Any CPU
		{0733BBB4-E0AA-4D78-824E-0C1915E67641}.Release|Any CPU.ActiveCfg = Release|Any CPU
		{0733BBB4-E0AA-4D78-824E-0C1915E67641}.Release|Any CPU.Build.0 = Release|Any CPU
		{C65F5866-04F9-4A9C-ADBC-7631F8EEE86E}.Debug|Any CPU.ActiveCfg = Debug|Any CPU
		{C65F5866-04F9-4A9C-ADBC-7631F8EEE86E}.Debug|Any CPU.Build.0 = Debug|Any CPU
		{C65F5866-04F9-4A9C-ADBC-7631F8EEE86E}.Release|Any CPU.ActiveCfg = Release|Any CPU
		{C65F5866-04F9-4A9C-ADBC-7631F8EEE86E}.Release|Any CPU.Build.0 = Release|Any CPU
		{8F316A8E-7C13-417B-96A0-0E03CDA0DFCB}.Debug|Any CPU.ActiveCfg = Debug|Any CPU
		{8F316A8E-7C13-417B-96A0-0E03CDA0DFCB}.Debug|Any CPU.Build.0 = Debug|Any CPU
		{8F316A8E-7C13-417B-96A0-0E03CDA0DFCB}.Release|Any CPU.ActiveCfg = Release|Any CPU
		{8F316A8E-7C13-417B-96A0-0E03CDA0DFCB}.Release|Any CPU.Build.0 = Release|Any CPU
		{CBD5CC44-0295-4C04-8BB5-53EA4B5BC346}.Debug|Any CPU.ActiveCfg = Debug|Any CPU
		{CBD5CC44-0295-4C04-8BB5-53EA4B5BC346}.Debug|Any CPU.Build.0 = Debug|Any CPU
		{CBD5CC44-0295-4C04-8BB5-53EA4B5BC346}.Release|Any CPU.ActiveCfg = Release|Any CPU
		{CBD5CC44-0295-4C04-8BB5-53EA4B5BC346}.Release|Any CPU.Build.0 = Release|Any CPU
		{7BC2AFEF-9D13-4C32-B6A5-5327E614D9F1}.Debug|Any CPU.ActiveCfg = Debug|Any CPU
		{7BC2AFEF-9D13-4C32-B6A5-5327E614D9F1}.Debug|Any CPU.Build.0 = Debug|Any CPU
		{7BC2AFEF-9D13-4C32-B6A5-5327E614D9F1}.Release|Any CPU.ActiveCfg = Release|Any CPU
		{7BC2AFEF-9D13-4C32-B6A5-5327E614D9F1}.Release|Any CPU.Build.0 = Release|Any CPU
		{2D5F56B7-593B-4F3D-B117-ED4A2556346F}.Debug|Any CPU.ActiveCfg = Debug|Any CPU
		{2D5F56B7-593B-4F3D-B117-ED4A2556346F}.Debug|Any CPU.Build.0 = Debug|Any CPU
		{2D5F56B7-593B-4F3D-B117-ED4A2556346F}.Release|Any CPU.ActiveCfg = Release|Any CPU
		{2D5F56B7-593B-4F3D-B117-ED4A2556346F}.Release|Any CPU.Build.0 = Release|Any CPU
	EndGlobalSection
	GlobalSection(SolutionProperties) = preSolution
		HideSolutionNode = FALSE
	EndGlobalSection
EndGlobal
